
Microsoft Visual Studio Solution File, Format Version 12.00
# Visual Studio Version 17
VisualStudioVersion = 17.0.31903.59
MinimumVisualStudioVersion = 10.0.40219.1
Project("{FAE04EC0-301F-11D3-BF4B-00C04F79EFBC}") = "Day16Part1", "Day16Part1\Day16Part1.csproj", "{B8EC8EEE-4EA9-4565-AA40-B5F00BF215ED}"
EndProject
Project("{FAE04EC0-301F-11D3-BF4B-00C04F79EFBC}") = "Day16Part2", "Day16Part2\Day16Part2.csproj", "{B9B12C74-A75C-4443-B210-45502C3A1B45}"
EndProject
Global
	GlobalSection(SolutionConfigurationPlatforms) = preSolution
		Debug|Any CPU = Debug|Any CPU
		Release|Any CPU = Release|Any CPU
	EndGlobalSection
	GlobalSection(SolutionProperties) = preSolution
		HideSolutionNode = FALSE
	EndGlobalSection
	GlobalSection(ProjectConfigurationPlatforms) = postSolution
		{B8EC8EEE-4EA9-4565-AA40-B5F00BF215ED}.Debug|Any CPU.ActiveCfg = Debug|Any CPU
		{B8EC8EEE-4EA9-4565-AA40-B5F00BF215ED}.Debug|Any CPU.Build.0 = Debug|Any CPU
		{B8EC8EEE-4EA9-4565-AA40-B5F00BF215ED}.Release|Any CPU.ActiveCfg = Release|Any CPU
		{B8EC8EEE-4EA9-4565-AA40-B5F00BF215ED}.Release|Any CPU.Build.0 = Release|Any CPU
		{B9B12C74-A75C-4443-B210-45502C3A1B45}.Debug|Any CPU.ActiveCfg = Debug|Any CPU
		{B9B12C74-A75C-4443-B210-45502C3A1B45}.Debug|Any CPU.Build.0 = Debug|Any CPU
		{B9B12C74-A75C-4443-B210-45502C3A1B45}.Release|Any CPU.ActiveCfg = Release|Any CPU
		{B9B12C74-A75C-4443-B210-45502C3A1B45}.Release|Any CPU.Build.0 = Release|Any CPU
	EndGlobalSection
EndGlobal
